
Microsoft Visual Studio Solution File, Format Version 12.00
# Visual Studio Version 16
VisualStudioVersion = 16.0.33423.256
MinimumVisualStudioVersion = 10.0.40219.1
Project("{FAE04EC0-301F-11D3-BF4B-00C04F79EFBC}") = "pokedex-web", "pokedex-web\pokedex-web.csproj", "{116DFA2E-6B2C-41D4-90D8-AFA10BAEF2D0}"
EndProject
Project("{FAE04EC0-301F-11D3-BF4B-00C04F79EFBC}") = "Dominio", "Dominio\Dominio.csproj", "{741BEE80-850B-4324-B5EC-C11A674F2F46}"
EndProject
Project("{FAE04EC0-301F-11D3-BF4B-00C04F79EFBC}") = "Negocio", "Negocio\Negocio.csproj", "{029A1262-4C37-4D17-ADEF-F348C8B394A9}"
EndProject
Global
	GlobalSection(SolutionConfigurationPlatforms) = preSolution
		Debug|Any CPU = Debug|Any CPU
		Release|Any CPU = Release|Any CPU
	EndGlobalSection
	GlobalSection(ProjectConfigurationPlatforms) = postSolution
		{116DFA2E-6B2C-41D4-90D8-AFA10BAEF2D0}.Debug|Any CPU.ActiveCfg = Debug|Any CPU
		{116DFA2E-6B2C-41D4-90D8-AFA10BAEF2D0}.Debug|Any CPU.Build.0 = Debug|Any CPU
		{116DFA2E-6B2C-41D4-90D8-AFA10BAEF2D0}.Release|Any CPU.ActiveCfg = Release|Any CPU
		{116DFA2E-6B2C-41D4-90D8-AFA10BAEF2D0}.Release|Any CPU.Build.0 = Release|Any CPU
		{741BEE80-850B-4324-B5EC-C11A674F2F46}.Debug|Any CPU.ActiveCfg = Debug|Any CPU
		{741BEE80-850B-4324-B5EC-C11A674F2F46}.Debug|Any CPU.Build.0 = Debug|Any CPU
		{741BEE80-850B-4324-B5EC-C11A674F2F46}.Release|Any CPU.ActiveCfg = Release|Any CPU
		{741BEE80-850B-4324-B5EC-C11A674F2F46}.Release|Any CPU.Build.0 = Release|Any CPU
		{029A1262-4C37-4D17-ADEF-F348C8B394A9}.Debug|Any CPU.ActiveCfg = Debug|Any CPU
		{029A1262-4C37-4D17-ADEF-F348C8B394A9}.Debug|Any CPU.Build.0 = Debug|Any CPU
		{029A1262-4C37-4D17-ADEF-F348C8B394A9}.Release|Any CPU.ActiveCfg = Release|Any CPU
		{029A1262-4C37-4D17-ADEF-F348C8B394A9}.Release|Any CPU.Build.0 = Release|Any CPU
	EndGlobalSection
	GlobalSection(SolutionProperties) = preSolution
		HideSolutionNode = FALSE
	EndGlobalSection
	GlobalSection(ExtensibilityGlobals) = postSolution
		SolutionGuid = {271A88EE-9114-4ED0-AF26-9875152477E0}
	EndGlobalSection
EndGlobal
